
Microsoft Visual Studio Solution File, Format Version 12.00
# Visual Studio Version 16
VisualStudioVersion = 16.0.31624.102
MinimumVisualStudioVersion = 10.0.40219.1
Project("{2150E333-8FDC-42A3-9474-1A3956D46DE8}") = "smallprogram.IdpAdmin", "smallprogram.IdpAdmin", "{F1406B49-5026-4E23-BD51-8CFF22D0DBD5}"
EndProject
Project("{2150E333-8FDC-42A3-9474-1A3956D46DE8}") = "smallprogram.API", "smallprogram.API", "{259F3489-9332-4109-8570-5CC5DAE1D365}"
EndProject
Project("{2150E333-8FDC-42A3-9474-1A3956D46DE8}") = "smallprogram.Client", "smallprogram.Client", "{84409B8F-7933-4F49-A306-03BC4AB877AC}"
EndProject
Global
	GlobalSection(SolutionProperties) = preSolution
		HideSolutionNode = FALSE
	EndGlobalSection
	GlobalSection(ExtensibilityGlobals) = postSolution
		SolutionGuid = {55592C49-89C4-473A-822A-20675E54D44D}
	EndGlobalSection
EndGlobal
